Microsoft Visual Studio Solution File, Format Version 12.00
# Visual Studio 14
VisualStudioVersion = 14.0.24720.0
MinimumVisualStudioVersion = 10.0.40219.1
Project("{FAE04EC0-301F-11D3-BF4B-00C04F79EFBC}") = "VoresCarlsberg.Web", "VoresCarlsberg.Web\VoresCarlsberg.Web.csproj", "{4CE48E88-0AD2-4162-9EEE-BB16393AB949}"
EndProject
Project("{FAE04EC0-301F-11D3-BF4B-00C04F79EFBC}") = "VoresCarlsberg", "VoresCarlsberg\VoresCarlsberg.csproj", "{3EE83B37-545A-4CAF-9B11-CD832F3DAFF1}"
EndProject
Project("{2150E333-8FDC-42A3-9474-1A3956D46DE8}") = ".common", ".common", "{E3FE3665-85C4-4E14-A686-799DD0D653C3}"
	ProjectSection(SolutionItems) = preProject
		.common\GlobalAssemblyInfo.cs = .common\GlobalAssemblyInfo.cs
	EndProjectSection
EndProject
Project("{2150E333-8FDC-42A3-9474-1A3956D46DE8}") = ".git", ".git", "{4BA11B2E-C27C-4881-9A06-F50D4E5186F1}"
	ProjectSection(SolutionItems) = preProject
		..\.gitignore = ..\.gitignore
	EndProjectSection
EndProject
Global
	GlobalSection(SolutionConfigurationPlatforms) = preSolution
		Debug|Any CPU = Debug|Any CPU
		Release|Any CPU = Release|Any CPU
		Staging|Any CPU = Staging|Any CPU
	EndGlobalSection
	GlobalSection(ProjectConfigurationPlatforms) = postSolution
		{4CE48E88-0AD2-4162-9EEE-BB16393AB949}.Debug|Any CPU.ActiveCfg = Debug|Any CPU
		{4CE48E88-0AD2-4162-9EEE-BB16393AB949}.Debug|Any CPU.Build.0 = Debug|Any CPU
		{4CE48E88-0AD2-4162-9EEE-BB16393AB949}.Release|Any CPU.ActiveCfg = Release|Any CPU
		{4CE48E88-0AD2-4162-9EEE-BB16393AB949}.Release|Any CPU.Build.0 = Release|Any CPU
		{4CE48E88-0AD2-4162-9EEE-BB16393AB949}.Staging|Any CPU.ActiveCfg = Staging|Any CPU
		{4CE48E88-0AD2-4162-9EEE-BB16393AB949}.Staging|Any CPU.Build.0 = Staging|Any CPU
		{3EE83B37-545A-4CAF-9B11-CD832F3DAFF1}.Debug|Any CPU.ActiveCfg = Debug|Any CPU
		{3EE83B37-545A-4CAF-9B11-CD832F3DAFF1}.Debug|Any CPU.Build.0 = Debug|Any CPU
		{3EE83B37-545A-4CAF-9B11-CD832F3DAFF1}.Release|Any CPU.ActiveCfg = Release|Any CPU
		{3EE83B37-545A-4CAF-9B11-CD832F3DAFF1}.Release|Any CPU.Build.0 = Release|Any CPU
		{3EE83B37-545A-4CAF-9B11-CD832F3DAFF1}.Staging|Any CPU.ActiveCfg = Staging|Any CPU
		{3EE83B37-545A-4CAF-9B11-CD832F3DAFF1}.Staging|Any CPU.Build.0 = Staging|Any CPU
	EndGlobalSection
	GlobalSection(SolutionProperties) = preSolution
		HideSolutionNode = FALSE
	EndGlobalSection
EndGlobal
